
Microsoft Visual Studio Solution File, Format Version 12.00
# Visual Studio Version 17
VisualStudioVersion = 17.5.33502.453
MinimumVisualStudioVersion = 10.0.40219.1
Project("{9A19103F-16F7-4668-BE54-9A1E7A4F7556}") = "Dungeon", "Dungeon.csproj", "{DB9643E8-F843-4576-BE1F-E65925AC0CFC}"
EndProject
Global
	GlobalSection(SolutionConfigurationPlatforms) = preSolution
		Debug|Any CPU = Debug|Any CPU
		Release|Any CPU = Release|Any CPU
	EndGlobalSection
	GlobalSection(ProjectConfigurationPlatforms) = postSolution
		{DB9643E8-F843-4576-BE1F-E65925AC0CFC}.Debug|Any CPU.ActiveCfg = Debug|Any CPU
		{DB9643E8-F843-4576-BE1F-E65925AC0CFC}.Debug|Any CPU.Build.0 = Debug|Any CPU
		{DB9643E8-F843-4576-BE1F-E65925AC0CFC}.Release|Any CPU.ActiveCfg = Release|Any CPU
		{DB9643E8-F843-4576-BE1F-E65925AC0CFC}.Release|Any CPU.Build.0 = Release|Any CPU
	EndGlobalSection
	GlobalSection(SolutionProperties) = preSolution
		HideSolutionNode = FALSE
	EndGlobalSection
	GlobalSection(ExtensibilityGlobals) = postSolution
		SolutionGuid = {4AEEDFC6-8403-4664-A872-05A5AFFF6FD3}
	EndGlobalSection
EndGlobal
